
Microsoft Visual Studio Solution File, Format Version 12.00
# Visual Studio Version 17
VisualStudioVersion = 17.9.34728.123
MinimumVisualStudioVersion = 10.0.40219.1
Project("{9A19103F-16F7-4668-BE54-9A1E7A4F7556}") = "Web.Box.WPF", "Web.Box.WPF\Web.Box.WPF.csproj", "{34426ECB-727B-4403-9B40-2F3D1D913F97}"
EndProject
Project("{9A19103F-16F7-4668-BE54-9A1E7A4F7556}") = "Web.Box.Features", "Web.Box.Features\Web.Box.Features.csproj", "{FD78383A-30E0-4ADF-AC68-5E678711DD89}"
EndProject
Project("{9A19103F-16F7-4668-BE54-9A1E7A4F7556}") = "Web.Box.Models", "Web.Box.Models\Web.Box.Models.csproj", "{D098AB7F-9813-4C82-8CCB-50C29FA6753F}"
EndProject
Global
	GlobalSection(SolutionConfigurationPlatforms) = preSolution
		Debug|Any CPU = Debug|Any CPU
		Release|Any CPU = Release|Any CPU
	EndGlobalSection
	GlobalSection(ProjectConfigurationPlatforms) = postSolution
		{34426ECB-727B-4403-9B40-2F3D1D913F97}.Debug|Any CPU.ActiveCfg = Debug|Any CPU
		{34426ECB-727B-4403-9B40-2F3D1D913F97}.Debug|Any CPU.Build.0 = Debug|Any CPU
		{34426ECB-727B-4403-9B40-2F3D1D913F97}.Release|Any CPU.ActiveCfg = Release|Any CPU
		{34426ECB-727B-4403-9B40-2F3D1D913F97}.Release|Any CPU.Build.0 = Release|Any CPU
		{FD78383A-30E0-4ADF-AC68-5E678711DD89}.Debug|Any CPU.ActiveCfg = Debug|Any CPU
		{FD78383A-30E0-4ADF-AC68-5E678711DD89}.Debug|Any CPU.Build.0 = Debug|Any CPU
		{FD78383A-30E0-4ADF-AC68-5E678711DD89}.Release|Any CPU.ActiveCfg = Release|Any CPU
		{FD78383A-30E0-4ADF-AC68-5E678711DD89}.Release|Any CPU.Build.0 = Release|Any CPU
		{D098AB7F-9813-4C82-8CCB-50C29FA6753F}.Debug|Any CPU.ActiveCfg = Debug|Any CPU
		{D098AB7F-9813-4C82-8CCB-50C29FA6753F}.Debug|Any CPU.Build.0 = Debug|Any CPU
		{D098AB7F-9813-4C82-8CCB-50C29FA6753F}.Release|Any CPU.ActiveCfg = Release|Any CPU
		{D098AB7F-9813-4C82-8CCB-50C29FA6753F}.Release|Any CPU.Build.0 = Release|Any CPU
	EndGlobalSection
	GlobalSection(SolutionProperties) = preSolution
		HideSolutionNode = FALSE
	EndGlobalSection
	GlobalSection(ExtensibilityGlobals) = postSolution
		SolutionGuid = {B21B9C8B-AF9F-474F-A354-62FB51F6DFBC}
	EndGlobalSection
EndGlobal
